<?xml version="1.0" encoding="utf-8"?>
<Project ToolsVersion="4.0" xmlns="http://schemas.microsoft.com/developer/msbuild/2003">
  <ItemGroup>
    <Filter Include="Source Files">
      <UniqueIdentifier>{4FC737F1-C7A5-4376-A066-2A32D752A2FF}</UniqueIdentifier>
      <Extensions>cpp;c;cc;cxx;def;odl;idl;hpj;bat;asm;asmx</Extensions>
    </Filter>
    <Filter Include="Header Files">
      <UniqueIdentifier>{93995380-89BD-4b04-88EB-625FBE52EBFB}</UniqueIdentifier>
      <Extensions>h;hh;hpp;hxx;hm;inl;inc;xsd</Extensions>
    </Filter>
    <Filter Include="Resource Files">
      <UniqueIdentifier>{67DA6AB6-F800-4c08-8B7A-83BB121AAD01}</UniqueIdentifier>
      <Extensions>rc;ico;cur;bmp;dlg;rc2;rct;bin;rgs;gif;jpg;jpeg;jpe;resx;tiff;tif;png;wav;mfcribbon-ms</Extensions>
    </Filter>
    <Filter Include="Source Files\Database">
      <UniqueIdentifier>{696dc678-8e9e-485c-a916-0211f6256900}</UniqueIdentifier>
    </Filter>
    <Filter Include="Header Files\Database">
      <UniqueIdentifier>{21478f88-5b5c-4721-ad3f-545d02d6a86f}</UniqueIdentifier>
    </Filter>
  </ItemGroup>
  <ItemGroup>
    <ClCompile Include="main.cpp">
      <Filter>Source Files</Filter>
    </ClCompile>
    <ClCompile Include="Database\Attribute.cpp">
      <Filter>Source Files\Database</Filter>
    </ClCompile>
    <ClCompile Include="Database\ComparisonTree.cpp">
      <Filter>Source Files\Database</Filter>
    </ClCompile>
    <ClCompile Include="Database\Database.cpp">
      <Filter>Source Files\Database</Filter>
    </ClCompile>
    <ClCompile Include="Database\DBParser.cpp">
      <Filter>Source Files\Database</Filter>
    </ClCompile>
    <ClCompile Include="Database\Node.cpp">
      <Filter>Source Files\Database</Filter>
    </ClCompile>
    <ClCompile Include="Database\Source.cpp">
      <Filter>Source Files\Database</Filter>
    </ClCompile>
    <ClCompile Include="Database\Table.cpp">
      <Filter>Source Files\Database</Filter>
    </ClCompile>
    <ClCompile Include="Database\Token.cpp">
      <Filter>Source Files\Database</Filter>
    </ClCompile>
    <ClCompile Include="Database\Token_Stream.cpp">
      <Filter>Source Files\Database</Filter>
    </ClCompile>
    <ClCompile Include="main_menu.cpp">
      <Filter>Source Files</Filter>
    </ClCompile>
  </ItemGroup>
  <ItemGroup>
    <ClInclude Include="Database\Attribute.h">
      <Filter>Header Files\Database</Filter>
    </ClInclude>
    <ClInclude Include="Database\ComparisonTree.h">
      <Filter>Header Files\Database</Filter>
    </ClInclude>
    <ClInclude Include="Database\Database.h">
      <Filter>Header Files\Database</Filter>
    </ClInclude>
    <ClInclude Include="Database\DBParser.h">
      <Filter>Header Files\Database</Filter>
    </ClInclude>
    <ClInclude Include="Database\Node.h">
      <Filter>Header Files\Database</Filter>
    </ClInclude>
    <ClInclude Include="Database\Table.h">
      <Filter>Header Files\Database</Filter>
    </ClInclude>
    <ClInclude Include="Database\Token.h">
      <Filter>Header Files\Database</Filter>
    </ClInclude>
    <ClInclude Include="Database\Token_Stream.h">
      <Filter>Header Files\Database</Filter>
    </ClInclude>
    <ClInclude Include="main_menu.h">
      <Filter>Header Files</Filter>
    </ClInclude>
  </ItemGroup>
</Project>